
Microsoft Visual Studio Solution File, Format Version 12.00
# Visual Studio Version 16
VisualStudioVersion = 16.0.32602.291
MinimumVisualStudioVersion = 10.0.40219.1
Project("{F184B08F-C81C-45F6-A57F-5ABD9991F28F}") = "jquery1", "jquery1\jquery1.vbproj", "{BA58B72A-F91E-4702-801A-22300501944E}"
EndProject
Global
	GlobalSection(SolutionConfigurationPlatforms) = preSolution
		Debug|Any CPU = Debug|Any CPU
		Release|Any CPU = Release|Any CPU
	EndGlobalSection
	GlobalSection(ProjectConfigurationPlatforms) = postSolution
		{BA58B72A-F91E-4702-801A-22300501944E}.Debug|Any CPU.ActiveCfg = Debug|Any CPU
		{BA58B72A-F91E-4702-801A-22300501944E}.Debug|Any CPU.Build.0 = Debug|Any CPU
		{BA58B72A-F91E-4702-801A-22300501944E}.Release|Any CPU.ActiveCfg = Release|Any CPU
		{BA58B72A-F91E-4702-801A-22300501944E}.Release|Any CPU.Build.0 = Release|Any CPU
	EndGlobalSection
	GlobalSection(SolutionProperties) = preSolution
		HideSolutionNode = FALSE
	EndGlobalSection
	GlobalSection(ExtensibilityGlobals) = postSolution
		SolutionGuid = {0054812B-1E73-408F-AAAA-E442F06F6B92}
	EndGlobalSection
EndGlobal
